hash: 5f0d4547f3394fd61176b524437120bc32a4872f53aca61418f462f44538878e
updated: 2017-03-26T23:22:23.302157177+03:00
imports:
- name: github.com/cenk/backoff
  version: 3db60c813733fce657c114634171689bbf1f8dee
- name: github.com/codegangsta/cli
  version: 9e5b04886c4bfee2ceba1465b8121057355c4e53
- name: github.com/donovanhide/eventsource
  version: fd1de70867126402be23c306e1ce32828455d85b
- name: github.com/fatih/color
  version: 9131ab34cf20d2f6d83fdc67168a5430d1c7dc23
- name: github.com/gambol99/go-marathon
  version: 48f66461ea089ac5f96f0c72e43c0b2acef8e7c2
- name: github.com/ghodss/yaml
  version: 04f313413ffd65ce25f2541bfd2b2ceec5c0908c
- name: github.com/google/go-querystring
  version: 53e6ce116135b80d037921a7fdd5138cf32d7a8a
  subpackages:
  - query
- name: github.com/hashicorp/consul
  version: 523c0c54fec686d1331f628b0fe7cd15a1a23d50
  subpackages:
  - api
- name: github.com/hashicorp/go-cleanhttp
  version: 3573b8b52aa7b37b9358d966a898feb387f62437
- name: github.com/hashicorp/serf
  version: 19f2c401e122352c047a84d6584dd51e2fb8fcc4
  subpackages:
  - coordinate
- name: github.com/jteeuwen/go-bindata
  version: a0ff2567cfb70903282db057e799fd826784d41d
- name: github.com/mattn/go-colorable
  version: 5411d3eea5978e6cdc258b30de592b60df6aba96
  repo: https://github.com/mattn/go-colorable
- name: github.com/mattn/go-isatty
  version: 57fdcb988a5c543893cc61bce354a6e24ab70022
  repo: https://github.com/mattn/go-isatty
- name: github.com/servehub/utils
  version: cd15244e0bf528087d3e5052f72816ef0449d9b7
  subpackages:
  - gabs
  - mergemap
  - templater
  - templater/lexer
  - templater/token
- name: github.com/valyala/bytebufferpool
  version: e746df99fe4a3986f4d4f79e13c1e0117ce9c2f7
- name: github.com/valyala/fasttemplate
  version: dcecefd839c4193db0d35b88ec65b4c12d360ab0
- name: golang.org/x/net
  version: e90d6d0afc4c315a0d87a568ae68577cc15149a0
  subpackages:
  - context
- name: golang.org/x/sys
  version: e24f485414aeafb646f6fca458b0bf869c0880a1
  repo: https://go.googlesource.com/sys
  subpackages:
  - unix
- name: gopkg.in/alecthomas/kingpin.v2
  version: e9044be3ab2a8e11d4e1f418d12f0790d57e8d70
- name: gopkg.in/yaml.v2
  version: a3f3340b5840cee44f372bddb5880fcbc419b46a
testImports: []
